
Microsoft Visual Studio Solution File, Format Version 12.00
# Visual Studio Version 17
VisualStudioVersion = 17.3.32901.215
MinimumVisualStudioVersion = 10.0.40219.1
Project("{FAE04EC0-301F-11D3-BF4B-00C04F79EFBC}") = "button.42", "button.42\button.42.csproj", "{301E9CFE-E958-47CC-AE00-40C0997270AE}"
EndProject
Global
	GlobalSection(SolutionConfigurationPlatforms) = preSolution
		Debug|Any CPU = Debug|Any CPU
		Release|Any CPU = Release|Any CPU
	EndGlobalSection
	GlobalSection(ProjectConfigurationPlatforms) = postSolution
		{301E9CFE-E958-47CC-AE00-40C0997270AE}.Debug|Any CPU.ActiveCfg = Debug|Any CPU
		{301E9CFE-E958-47CC-AE00-40C0997270AE}.Debug|Any CPU.Build.0 = Debug|Any CPU
		{301E9CFE-E958-47CC-AE00-40C0997270AE}.Release|Any CPU.ActiveCfg = Release|Any CPU
		{301E9CFE-E958-47CC-AE00-40C0997270AE}.Release|Any CPU.Build.0 = Release|Any CPU
	EndGlobalSection
	GlobalSection(SolutionProperties) = preSolution
		HideSolutionNode = FALSE
	EndGlobalSection
	GlobalSection(ExtensibilityGlobals) = postSolution
		SolutionGuid = {A22B26FC-F97D-4F1C-81CC-FF5B2ADFAAB1}
	EndGlobalSection
EndGlobal
